
Microsoft Visual Studio Solution File, Format Version 12.00
# Visual Studio Version 17
VisualStudioVersion = 17.5.33516.290
MinimumVisualStudioVersion = 10.0.40219.1
Project("{FAE04EC0-301F-11D3-BF4B-00C04F79EFBC}") = "WPFApp", "WPFApp\WPFApp.csproj", "{D2E2AEA5-DA83-4CFF-9CD7-CE5954B8A172}"
EndProject
Project("{FAE04EC0-301F-11D3-BF4B-00C04F79EFBC}") = "ClassLibrary", "ClassLibrary\ClassLibrary.csproj", "{7F96EB07-6B09-4C59-883C-C029991A1C61}"
EndProject
Project("{FAE04EC0-301F-11D3-BF4B-00C04F79EFBC}") = "WindowsFormsApp", "WindowsFormsApp\WindowsFormsApp.csproj", "{AB6561C7-45DE-4DC8-A098-6372668A30DB}"
EndProject
Global
	GlobalSection(SolutionConfigurationPlatforms) = preSolution
		Debug|Any CPU = Debug|Any CPU
		Release|Any CPU = Release|Any CPU
	EndGlobalSection
	GlobalSection(ProjectConfigurationPlatforms) = postSolution
		{D2E2AEA5-DA83-4CFF-9CD7-CE5954B8A172}.Debug|Any CPU.ActiveCfg = Debug|Any CPU
		{D2E2AEA5-DA83-4CFF-9CD7-CE5954B8A172}.Debug|Any CPU.Build.0 = Debug|Any CPU
		{D2E2AEA5-DA83-4CFF-9CD7-CE5954B8A172}.Release|Any CPU.ActiveCfg = Release|Any CPU
		{D2E2AEA5-DA83-4CFF-9CD7-CE5954B8A172}.Release|Any CPU.Build.0 = Release|Any CPU
		{7F96EB07-6B09-4C59-883C-C029991A1C61}.Debug|Any CPU.ActiveCfg = Debug|Any CPU
		{7F96EB07-6B09-4C59-883C-C029991A1C61}.Debug|Any CPU.Build.0 = Debug|Any CPU
		{7F96EB07-6B09-4C59-883C-C029991A1C61}.Release|Any CPU.ActiveCfg = Release|Any CPU
		{7F96EB07-6B09-4C59-883C-C029991A1C61}.Release|Any CPU.Build.0 = Release|Any CPU
		{AB6561C7-45DE-4DC8-A098-6372668A30DB}.Debug|Any CPU.ActiveCfg = Debug|Any CPU
		{AB6561C7-45DE-4DC8-A098-6372668A30DB}.Debug|Any CPU.Build.0 = Debug|Any CPU
		{AB6561C7-45DE-4DC8-A098-6372668A30DB}.Release|Any CPU.ActiveCfg = Release|Any CPU
		{AB6561C7-45DE-4DC8-A098-6372668A30DB}.Release|Any CPU.Build.0 = Release|Any CPU
	EndGlobalSection
	GlobalSection(SolutionProperties) = preSolution
		HideSolutionNode = FALSE
	EndGlobalSection
	GlobalSection(ExtensibilityGlobals) = postSolution
		SolutionGuid = {DA525A92-2646-44AE-8D03-52E6EA3A2D6C}
	EndGlobalSection
EndGlobal
