
Microsoft Visual Studio Solution File, Format Version 12.00
# Visual Studio Version 17
VisualStudioVersion = 17.5.33516.290
MinimumVisualStudioVersion = 10.0.40219.1
Project("{9A19103F-16F7-4668-BE54-9A1E7A4F7556}") = "WindowsFormsApp", "WindowsFormsApp\WindowsFormsApp.csproj", "{D05B9357-924C-4397-B7AC-0FF150F6BEC1}"
EndProject
Project("{FAE04EC0-301F-11D3-BF4B-00C04F79EFBC}") = "ClassLibrary", "ClassLibrary\ClassLibrary.csproj", "{DA76F8E7-60BE-4AAA-A92D-E8FC9AFB8278}"
EndProject
Global
	GlobalSection(SolutionConfigurationPlatforms) = preSolution
		Debug|Any CPU = Debug|Any CPU
		Release|Any CPU = Release|Any CPU
	EndGlobalSection
	GlobalSection(ProjectConfigurationPlatforms) = postSolution
		{D05B9357-924C-4397-B7AC-0FF150F6BEC1}.Debug|Any CPU.ActiveCfg = Debug|Any CPU
		{D05B9357-924C-4397-B7AC-0FF150F6BEC1}.Debug|Any CPU.Build.0 = Debug|Any CPU
		{D05B9357-924C-4397-B7AC-0FF150F6BEC1}.Release|Any CPU.ActiveCfg = Release|Any CPU
		{D05B9357-924C-4397-B7AC-0FF150F6BEC1}.Release|Any CPU.Build.0 = Release|Any CPU
		{DA76F8E7-60BE-4AAA-A92D-E8FC9AFB8278}.Debug|Any CPU.ActiveCfg = Debug|Any CPU
		{DA76F8E7-60BE-4AAA-A92D-E8FC9AFB8278}.Debug|Any CPU.Build.0 = Debug|Any CPU
		{DA76F8E7-60BE-4AAA-A92D-E8FC9AFB8278}.Release|Any CPU.ActiveCfg = Release|Any CPU
		{DA76F8E7-60BE-4AAA-A92D-E8FC9AFB8278}.Release|Any CPU.Build.0 = Release|Any CPU
	EndGlobalSection
	GlobalSection(SolutionProperties) = preSolution
		HideSolutionNode = FALSE
	EndGlobalSection
	GlobalSection(ExtensibilityGlobals) = postSolution
		SolutionGuid = {DA525A92-2646-44AE-8D03-52E6EA3A2D6C}
	EndGlobalSection
EndGlobal
